
Microsoft Visual Studio Solution File, Format Version 12.00
# Visual Studio Version 17
VisualStudioVersion = 17.8.34525.116
MinimumVisualStudioVersion = 10.0.40219.1
Project("{FAE04EC0-301F-11D3-BF4B-00C04F79EFBC}") = "MuzzleFlash", "MuzzleFlash.csproj", "{A0DA24BA-3B33-41BD-BF62-D3FCCB26FE67}"
EndProject
Global
	GlobalSection(SolutionConfigurationPlatforms) = preSolution
		Debug|Any CPU = Debug|Any CPU
		Release|Any CPU = Release|Any CPU
	EndGlobalSection
	GlobalSection(ProjectConfigurationPlatforms) = postSolution
		{A0DA24BA-3B33-41BD-BF62-D3FCCB26FE67}.Debug|Any CPU.ActiveCfg = Debug|Any CPU
		{A0DA24BA-3B33-41BD-BF62-D3FCCB26FE67}.Debug|Any CPU.Build.0 = Debug|Any CPU
		{A0DA24BA-3B33-41BD-BF62-D3FCCB26FE67}.Release|Any CPU.ActiveCfg = Release|Any CPU
		{A0DA24BA-3B33-41BD-BF62-D3FCCB26FE67}.Release|Any CPU.Build.0 = Release|Any CPU
	EndGlobalSection
	GlobalSection(SolutionProperties) = preSolution
		HideSolutionNode = FALSE
	EndGlobalSection
	GlobalSection(ExtensibilityGlobals) = postSolution
		SolutionGuid = {FBAEBBA6-5764-4D27-9C32-D4602D55E431}
	EndGlobalSection
EndGlobal
