
Microsoft Visual Studio Solution File, Format Version 12.00
# Visual Studio Version 17
VisualStudioVersion = 17.4.33110.190
MinimumVisualStudioVersion = 10.0.40219.1
Project("{FAE04EC0-301F-11D3-BF4B-00C04F79EFBC}") = "BreadMoAncientFarm", "BreadMoAncientFarm\BreadMoAncientFarm.csproj", "{12286369-4307-4200-8C70-A4529A0939DA}"
EndProject
Global
	GlobalSection(SolutionConfigurationPlatforms) = preSolution
		Debug|Any CPU = Debug|Any CPU
		Release|Any CPU = Release|Any CPU
	EndGlobalSection
	GlobalSection(ProjectConfigurationPlatforms) = postSolution
		{12286369-4307-4200-8C70-A4529A0939DA}.Debug|Any CPU.ActiveCfg = Debug|Any CPU
		{12286369-4307-4200-8C70-A4529A0939DA}.Debug|Any CPU.Build.0 = Debug|Any CPU
		{12286369-4307-4200-8C70-A4529A0939DA}.Release|Any CPU.ActiveCfg = Release|Any CPU
		{12286369-4307-4200-8C70-A4529A0939DA}.Release|Any CPU.Build.0 = Release|Any CPU
	EndGlobalSection
	GlobalSection(SolutionProperties) = preSolution
		HideSolutionNode = FALSE
	EndGlobalSection
	GlobalSection(ExtensibilityGlobals) = postSolution
		SolutionGuid = {8ACA867A-0956-4C31-9297-368022C59473}
	EndGlobalSection
EndGlobal
